
Microsoft Visual Studio Solution File, Format Version 12.00
# Visual Studio Version 16
VisualStudioVersion = 16.0.31515.178
MinimumVisualStudioVersion = 10.0.40219.1
Project("{FAE04EC0-301F-11D3-BF4B-00C04F79EFBC}") = "lego-collectors", "lego-collectors\lego-collectors.csproj", "{21ABCF97-000E-4B37-B3D5-D1940321C90B}"
EndProject
Global
	GlobalSection(SolutionConfigurationPlatforms) = preSolution
		Debug|Any CPU = Debug|Any CPU
		Release|Any CPU = Release|Any CPU
	EndGlobalSection
	GlobalSection(ProjectConfigurationPlatforms) = postSolution
		{21ABCF97-000E-4B37-B3D5-D1940321C90B}.Debug|Any CPU.ActiveCfg = Debug|Any CPU
		{21ABCF97-000E-4B37-B3D5-D1940321C90B}.Debug|Any CPU.Build.0 = Debug|Any CPU
		{21ABCF97-000E-4B37-B3D5-D1940321C90B}.Release|Any CPU.ActiveCfg = Release|Any CPU
		{21ABCF97-000E-4B37-B3D5-D1940321C90B}.Release|Any CPU.Build.0 = Release|Any CPU
	EndGlobalSection
	GlobalSection(SolutionProperties) = preSolution
		HideSolutionNode = FALSE
	EndGlobalSection
	GlobalSection(ExtensibilityGlobals) = postSolution
		SolutionGuid = {CD3D6826-8AAB-47DA-B2B4-6A4BDA825F17}
	EndGlobalSection
EndGlobal
